
Microsoft Visual Studio Solution File, Format Version 12.00
# Visual Studio Version 17
VisualStudioVersion = 17.5.33424.131
MinimumVisualStudioVersion = 10.0.40219.1
Project("{9A19103F-16F7-4668-BE54-9A1E7A4F7556}") = "MicroCoffees.Api", "MicroCoffees.Api\MicroCoffees.Api.csproj", "{D6C39D93-632A-461D-8CCB-3258E09C0CA1}"
EndProject
Project("{9A19103F-16F7-4668-BE54-9A1E7A4F7556}") = "MicroCoffees.Domain", "MicroCoffees.Domain\MicroCoffees.Domain.csproj", "{30CF0935-4606-4C92-9093-2578A86FAD73}"
EndProject
Project("{9A19103F-16F7-4668-BE54-9A1E7A4F7556}") = "MicroCoffees.Mobile", "MicroCoffees.Mobile\MicroCoffees.Mobile.csproj", "{C2E013DF-1039-42D1-BE6D-61437A3D1B34}"
EndProject
Project("{E53339B2-1760-4266-BCC7-CA923CBCF16C}") = "docker-compose", "docker-compose.dcproj", "{5F69950C-92DC-4824-A382-812708736C84}"
EndProject
Global
	GlobalSection(SolutionConfigurationPlatforms) = preSolution
		Debug|Any CPU = Debug|Any CPU
		Release|Any CPU = Release|Any CPU
	EndGlobalSection
	GlobalSection(ProjectConfigurationPlatforms) = postSolution
		{D6C39D93-632A-461D-8CCB-3258E09C0CA1}.Debug|Any CPU.ActiveCfg = Debug|Any CPU
		{D6C39D93-632A-461D-8CCB-3258E09C0CA1}.Debug|Any CPU.Build.0 = Debug|Any CPU
		{D6C39D93-632A-461D-8CCB-3258E09C0CA1}.Release|Any CPU.ActiveCfg = Release|Any CPU
		{D6C39D93-632A-461D-8CCB-3258E09C0CA1}.Release|Any CPU.Build.0 = Release|Any CPU
		{30CF0935-4606-4C92-9093-2578A86FAD73}.Debug|Any CPU.ActiveCfg = Debug|Any CPU
		{30CF0935-4606-4C92-9093-2578A86FAD73}.Debug|Any CPU.Build.0 = Debug|Any CPU
		{30CF0935-4606-4C92-9093-2578A86FAD73}.Release|Any CPU.ActiveCfg = Release|Any CPU
		{30CF0935-4606-4C92-9093-2578A86FAD73}.Release|Any CPU.Build.0 = Release|Any CPU
		{C2E013DF-1039-42D1-BE6D-61437A3D1B34}.Debug|Any CPU.ActiveCfg = Debug|Any CPU
		{C2E013DF-1039-42D1-BE6D-61437A3D1B34}.Debug|Any CPU.Build.0 = Debug|Any CPU
		{C2E013DF-1039-42D1-BE6D-61437A3D1B34}.Debug|Any CPU.Deploy.0 = Debug|Any CPU
		{C2E013DF-1039-42D1-BE6D-61437A3D1B34}.Release|Any CPU.ActiveCfg = Release|Any CPU
		{C2E013DF-1039-42D1-BE6D-61437A3D1B34}.Release|Any CPU.Build.0 = Release|Any CPU
		{C2E013DF-1039-42D1-BE6D-61437A3D1B34}.Release|Any CPU.Deploy.0 = Release|Any CPU
		{5F69950C-92DC-4824-A382-812708736C84}.Debug|Any CPU.ActiveCfg = Debug|Any CPU
		{5F69950C-92DC-4824-A382-812708736C84}.Debug|Any CPU.Build.0 = Debug|Any CPU
		{5F69950C-92DC-4824-A382-812708736C84}.Release|Any CPU.ActiveCfg = Release|Any CPU
		{5F69950C-92DC-4824-A382-812708736C84}.Release|Any CPU.Build.0 = Release|Any CPU
	EndGlobalSection
	GlobalSection(SolutionProperties) = preSolution
		HideSolutionNode = FALSE
	EndGlobalSection
	GlobalSection(ExtensibilityGlobals) = postSolution
		SolutionGuid = {D65C8B3D-94F3-4F99-9622-4E99F5F59B98}
	EndGlobalSection
EndGlobal
