
Microsoft Visual Studio Solution File, Format Version 12.00
# Visual Studio Version 17
VisualStudioVersion = 17.5.33424.131
MinimumVisualStudioVersion = 10.0.40219.1
Project("{E53339B2-1760-4266-BCC7-CA923CBCF16C}") = "docker-compose", "docker-compose.dcproj", "{5F69950C-92DC-4824-A382-812708736C84}"
EndProject
Project("{2150E333-8FDC-42A3-9474-1A3956D46DE8}") = "Solution Items", "Solution Items", "{04895AB4-6684-4DC4-8C41-87D662765781}"
	ProjectSection(SolutionItems) = preProject
		..\.editorconfig = ..\.editorconfig
		..\.gitignore = ..\.gitignore
		..\README.md = ..\README.md
	EndProjectSection
EndProject
Project("{9A19103F-16F7-4668-BE54-9A1E7A4F7556}") = "MicroCoffees.Mobile", "Clients\MicroCoffees.Mobile\MicroCoffees.Mobile.csproj", "{1A58559C-769F-45B5-AB68-548576A72397}"
EndProject
Project("{9A19103F-16F7-4668-BE54-9A1E7A4F7556}") = "MicroCoffees.Coffees", "Services\MicroCoffees.Coffees\MicroCoffees.Coffees.csproj", "{13E67F5E-CF6D-40FC-B9A7-03D4E12C9C82}"
EndProject
Project("{FAE04EC0-301F-11D3-BF4B-00C04F79EFBC}") = "MicroCoffees.Coffees.Tests", "Services\MicroCoffees.Coffees.Tests\MicroCoffees.Coffees.Tests.csproj", "{81C589FC-4C39-4FDD-A584-0588346736B1}"
EndProject
Global
	GlobalSection(SolutionConfigurationPlatforms) = preSolution
		Debug|Any CPU = Debug|Any CPU
		Release|Any CPU = Release|Any CPU
	EndGlobalSection
	GlobalSection(ProjectConfigurationPlatforms) = postSolution
		{5F69950C-92DC-4824-A382-812708736C84}.Debug|Any CPU.ActiveCfg = Debug|Any CPU
		{5F69950C-92DC-4824-A382-812708736C84}.Debug|Any CPU.Build.0 = Debug|Any CPU
		{5F69950C-92DC-4824-A382-812708736C84}.Release|Any CPU.ActiveCfg = Release|Any CPU
		{5F69950C-92DC-4824-A382-812708736C84}.Release|Any CPU.Build.0 = Release|Any CPU
		{1A58559C-769F-45B5-AB68-548576A72397}.Debug|Any CPU.ActiveCfg = Debug|Any CPU
		{1A58559C-769F-45B5-AB68-548576A72397}.Debug|Any CPU.Build.0 = Debug|Any CPU
		{1A58559C-769F-45B5-AB68-548576A72397}.Debug|Any CPU.Deploy.0 = Debug|Any CPU
		{1A58559C-769F-45B5-AB68-548576A72397}.Release|Any CPU.ActiveCfg = Release|Any CPU
		{1A58559C-769F-45B5-AB68-548576A72397}.Release|Any CPU.Build.0 = Release|Any CPU
		{1A58559C-769F-45B5-AB68-548576A72397}.Release|Any CPU.Deploy.0 = Release|Any CPU
		{13E67F5E-CF6D-40FC-B9A7-03D4E12C9C82}.Debug|Any CPU.ActiveCfg = Debug|Any CPU
		{13E67F5E-CF6D-40FC-B9A7-03D4E12C9C82}.Debug|Any CPU.Build.0 = Debug|Any CPU
		{13E67F5E-CF6D-40FC-B9A7-03D4E12C9C82}.Release|Any CPU.ActiveCfg = Release|Any CPU
		{13E67F5E-CF6D-40FC-B9A7-03D4E12C9C82}.Release|Any CPU.Build.0 = Release|Any CPU
		{81C589FC-4C39-4FDD-A584-0588346736B1}.Debug|Any CPU.ActiveCfg = Debug|Any CPU
		{81C589FC-4C39-4FDD-A584-0588346736B1}.Debug|Any CPU.Build.0 = Debug|Any CPU
		{81C589FC-4C39-4FDD-A584-0588346736B1}.Release|Any CPU.ActiveCfg = Release|Any CPU
		{81C589FC-4C39-4FDD-A584-0588346736B1}.Release|Any CPU.Build.0 = Release|Any CPU
	EndGlobalSection
	GlobalSection(SolutionProperties) = preSolution
		HideSolutionNode = FALSE
	EndGlobalSection
	GlobalSection(ExtensibilityGlobals) = postSolution
		SolutionGuid = {D65C8B3D-94F3-4F99-9622-4E99F5F59B98}
	EndGlobalSection
EndGlobal
